// !$*UTF8*$!
{
	archiveVersion = 1;
	classes = {
	};
	objectVersion = 56;
	objects = {

/* Begin PBXBuildFile section */
		21149A4B2BD3F76A00AE45E7 /* AppDelegate.swift in Sources */ = {isa = PBXBuildFile; fileRef = 21149A4A2BD3F76A00AE45E7 /* AppDelegate.swift */; };
		21149A4D2BD3F76A00AE45E7 /* SceneDelegate.swift in Sources */ = {isa = PBXBuildFile; fileRef = 21149A4C2BD3F76A00AE45E7 /* SceneDelegate.swift */; };
		21149A4F2BD3F76A00AE45E7 /* RMTabVC.swift in Sources */ = {isa = PBXBuildFile; fileRef = 21149A4E2BD3F76A00AE45E7 /* RMTabVC.swift */; };
		21149A542BD3F76B00AE45E7 /* Assets.xcassets in Resources */ = {isa = PBXBuildFile; fileRef = 21149A532BD3F76B00AE45E7 /* Assets.xcassets */; };
		21149A572BD3F76B00AE45E7 /* LaunchScreen.storyboard in Resources */ = {isa = PBXBuildFile; fileRef = 21149A552BD3F76B00AE45E7 /* LaunchScreen.storyboard */; };
		211CEAB72BD7D7FF0086E0C9 /* RMCharacterVC.swift in Sources */ = {isa = PBXBuildFile; fileRef = 211CEAB62BD7D7FF0086E0C9 /* RMCharacterVC.swift */; };
		211CEABA2BD7D8370086E0C9 /* RMEpisodeVC.swift in Sources */ = {isa = PBXBuildFile; fileRef = 211CEAB92BD7D8370086E0C9 /* RMEpisodeVC.swift */; };
		211CEABC2BD7D84D0086E0C9 /* RMLocationVC.swift in Sources */ = {isa = PBXBuildFile; fileRef = 211CEABB2BD7D84D0086E0C9 /* RMLocationVC.swift */; };
		211CEABE2BD7D8680086E0C9 /* RMSettingsVC.swift in Sources */ = {isa = PBXBuildFile; fileRef = 211CEABD2BD7D8680086E0C9 /* RMSettingsVC.swift */; };
		211CEAC02BD7E3DB0086E0C9 /* RMService.swift in Sources */ = {isa = PBXBuildFile; fileRef = 211CEABF2BD7E3DB0086E0C9 /* RMService.swift */; };
		211CEAC22BD7E3EF0086E0C9 /* RMRequest.swift in Sources */ = {isa = PBXBuildFile; fileRef = 211CEAC12BD7E3EF0086E0C9 /* RMRequest.swift */; };
		211CEAC42BD7E4020086E0C9 /* RMEndpoint.swift in Sources */ = {isa = PBXBuildFile; fileRef = 211CEAC32BD7E4020086E0C9 /* RMEndpoint.swift */; };
		211CEAC62BD7E6D90086E0C9 /* RMCharacter.swift in Sources */ = {isa = PBXBuildFile; fileRef = 211CEAC52BD7E6D90086E0C9 /* RMCharacter.swift */; };
		211CEAC82BD7E8470086E0C9 /* RMEpisode.swift in Sources */ = {isa = PBXBuildFile; fileRef = 211CEAC72BD7E8470086E0C9 /* RMEpisode.swift */; };
		211CEACA2BD7E8590086E0C9 /* RMLocation.swift in Sources */ = {isa = PBXBuildFile; fileRef = 211CEAC92BD7E8590086E0C9 /* RMLocation.swift */; };
		211CEACC2BD7E9150086E0C9 /* RMCaharacterGender.swift in Sources */ = {isa = PBXBuildFile; fileRef = 211CEACB2BD7E9150086E0C9 /* RMCaharacterGender.swift */; };
		211CEACE2BD7E94F0086E0C9 /* RMCharacterStatus.swift in Sources */ = {isa = PBXBuildFile; fileRef = 211CEACD2BD7E94F0086E0C9 /* RMCharacterStatus.swift */; };
		211CEAD02BD7E9640086E0C9 /* RMOrigin.swift in Sources */ = {isa = PBXBuildFile; fileRef = 211CEACF2BD7E9640086E0C9 /* RMOrigin.swift */; };
		211CEAD22BD7E9760086E0C9 /* RSingleLocation.swift in Sources */ = {isa = PBXBuildFile; fileRef = 211CEAD12BD7E9760086E0C9 /* RSingleLocation.swift */; };
/* End PBXBuildFile section */

/* Begin PBXFileReference section */
		21149A472BD3F76A00AE45E7 /* RickAndMorty.app */ = {isa = PBXFileReference; explicitFileType = wrapper.application; includeInIndex = 0; path = RickAndMorty.app; sourceTree = BUILT_PRODUCTS_DIR; };
		21149A4A2BD3F76A00AE45E7 /* AppDelegate.swift */ = {isa = PBXFileReference; lastKnownFileType = sourcecode.swift; path = AppDelegate.swift; sourceTree = "<group>"; };
		21149A4C2BD3F76A00AE45E7 /* SceneDelegate.swift */ = {isa = PBXFileReference; lastKnownFileType = sourcecode.swift; path = SceneDelegate.swift; sourceTree = "<group>"; };
		21149A4E2BD3F76A00AE45E7 /* RMTabVC.swift */ = {isa = PBXFileReference; lastKnownFileType = sourcecode.swift; path = RMTabVC.swift; sourceTree = "<group>"; };
		21149A532BD3F76B00AE45E7 /* Assets.xcassets */ = {isa = PBXFileReference; lastKnownFileType = folder.assetcatalog; path = Assets.xcassets; sourceTree = "<group>"; };
		21149A562BD3F76B00AE45E7 /* Base */ = {isa = PBXFileReference; lastKnownFileType = file.storyboard; name = Base; path = Base.lproj/LaunchScreen.storyboard; sourceTree = "<group>"; };
		21149A582BD3F76B00AE45E7 /* Info.plist */ = {isa = PBXFileReference; lastKnownFileType = text.plist.xml; path = Info.plist; sourceTree = "<group>"; };
		211CEAB62BD7D7FF0086E0C9 /* RMCharacterVC.swift */ = {isa = PBXFileReference; lastKnownFileType = sourcecode.swift; path = RMCharacterVC.swift; sourceTree = "<group>"; };
		211CEAB92BD7D8370086E0C9 /* RMEpisodeVC.swift */ = {isa = PBXFileReference; lastKnownFileType = sourcecode.swift; path = RMEpisodeVC.swift; sourceTree = "<group>"; };
		211CEABB2BD7D84D0086E0C9 /* RMLocationVC.swift */ = {isa = PBXFileReference; lastKnownFileType = sourcecode.swift; path = RMLocationVC.swift; sourceTree = "<group>"; };
		211CEABD2BD7D8680086E0C9 /* RMSettingsVC.swift */ = {isa = PBXFileReference; lastKnownFileType = sourcecode.swift; path = RMSettingsVC.swift; sourceTree = "<group>"; };
		211CEABF2BD7E3DB0086E0C9 /* RMService.swift */ = {isa = PBXFileReference; lastKnownFileType = sourcecode.swift; path = RMService.swift; sourceTree = "<group>"; };
		211CEAC12BD7E3EF0086E0C9 /* RMRequest.swift */ = {isa = PBXFileReference; lastKnownFileType = sourcecode.swift; path = RMRequest.swift; sourceTree = "<group>"; };
		211CEAC32BD7E4020086E0C9 /* RMEndpoint.swift */ = {isa = PBXFileReference; lastKnownFileType = sourcecode.swift; path = RMEndpoint.swift; sourceTree = "<group>"; };
		211CEAC52BD7E6D90086E0C9 /* RMCharacter.swift */ = {isa = PBXFileReference; lastKnownFileType = sourcecode.swift; path = RMCharacter.swift; sourceTree = "<group>"; };
		211CEAC72BD7E8470086E0C9 /* RMEpisode.swift */ = {isa = PBXFileReference; lastKnownFileType = sourcecode.swift; path = RMEpisode.swift; sourceTree = "<group>"; };
		211CEAC92BD7E8590086E0C9 /* RMLocation.swift */ = {isa = PBXFileReference; lastKnownFileType = sourcecode.swift; path = RMLocation.swift; sourceTree = "<group>"; };
		211CEACB2BD7E9150086E0C9 /* RMCaharacterGender.swift */ = {isa = PBXFileReference; lastKnownFileType = sourcecode.swift; path = RMCaharacterGender.swift; sourceTree = "<group>"; };
		211CEACD2BD7E94F0086E0C9 /* RMCharacterStatus.swift */ = {isa = PBXFileReference; lastKnownFileType = sourcecode.swift; path = RMCharacterStatus.swift; sourceTree = "<group>"; };
		211CEACF2BD7E9640086E0C9 /* RMOrigin.swift */ = {isa = PBXFileReference; lastKnownFileType = sourcecode.swift; path = RMOrigin.swift; sourceTree = "<group>"; };
		211CEAD12BD7E9760086E0C9 /* RSingleLocation.swift */ = {isa = PBXFileReference; lastKnownFileType = sourcecode.swift; path = RSingleLocation.swift; sourceTree = "<group>"; };
/* End PBXFileReference section */

/* Begin PBXFrameworksBuildPhase section */
		21149A442BD3F76A00AE45E7 /* Frameworks */ = {
			isa = PBXFrameworksBuildPhase;
			buildActionMask = 2147483647;
			files = (
			);
			runOnlyForDeploymentPostprocessing = 0;
		};
/* End PBXFrameworksBuildPhase section */

/* Begin PBXGroup section */
		21149A3E2BD3F76A00AE45E7 = {
			isa = PBXGroup;
			children = (
				21149A492BD3F76A00AE45E7 /* RickAndMorty */,
				21149A482BD3F76A00AE45E7 /* Products */,
			);
			sourceTree = "<group>";
		};
		21149A482BD3F76A00AE45E7 /* Products */ = {
			isa = PBXGroup;
			children = (
				21149A472BD3F76A00AE45E7 /* RickAndMorty.app */,
			);
			name = Products;
			sourceTree = "<group>";
		};
		21149A492BD3F76A00AE45E7 /* RickAndMorty */ = {
			isa = PBXGroup;
			children = (
				211CEAAE2BD5BC430086E0C9 /* APIClient */,
				211CEAB42BD5BCA60086E0C9 /* Controllers */,
				211CEAB32BD5BC9C0086E0C9 /* Managers */,
				211CEAB22BD5BC950086E0C9 /* Models */,
				211CEAB12BD5BC800086E0C9 /* Resources */,
				211CEAB02BD5BC750086E0C9 /* ViewModels */,
				211CEAAF2BD5BC5A0086E0C9 /* Views */,
				21149A582BD3F76B00AE45E7 /* Info.plist */,
			);
			path = RickAndMorty;
			sourceTree = "<group>";
		};
		211CEAAE2BD5BC430086E0C9 /* APIClient */ = {
			isa = PBXGroup;
			children = (
				211CEABF2BD7E3DB0086E0C9 /* RMService.swift */,
				211CEAC12BD7E3EF0086E0C9 /* RMRequest.swift */,
				211CEAC32BD7E4020086E0C9 /* RMEndpoint.swift */,
			);
			path = APIClient;
			sourceTree = "<group>";
		};
		211CEAAF2BD5BC5A0086E0C9 /* Views */ = {
			isa = PBXGroup;
			children = (
			);
			path = Views;
			sourceTree = "<group>";
		};
		211CEAB02BD5BC750086E0C9 /* ViewModels */ = {
			isa = PBXGroup;
			children = (
			);
			path = ViewModels;
			sourceTree = "<group>";
		};
		211CEAB12BD5BC800086E0C9 /* Resources */ = {
			isa = PBXGroup;
			children = (
				21149A532BD3F76B00AE45E7 /* Assets.xcassets */,
				21149A552BD3F76B00AE45E7 /* LaunchScreen.storyboard */,
				21149A4C2BD3F76A00AE45E7 /* SceneDelegate.swift */,
				21149A4A2BD3F76A00AE45E7 /* AppDelegate.swift */,
			);
			path = Resources;
			sourceTree = "<group>";
		};
		211CEAB22BD5BC950086E0C9 /* Models */ = {
			isa = PBXGroup;
			children = (
				211CEAC52BD7E6D90086E0C9 /* RMCharacter.swift */,
				211CEAC72BD7E8470086E0C9 /* RMEpisode.swift */,
				211CEAC92BD7E8590086E0C9 /* RMLocation.swift */,
				211CEACB2BD7E9150086E0C9 /* RMCaharacterGender.swift */,
				211CEACD2BD7E94F0086E0C9 /* RMCharacterStatus.swift */,
				211CEACF2BD7E9640086E0C9 /* RMOrigin.swift */,
				211CEAD12BD7E9760086E0C9 /* RSingleLocation.swift */,
			);
			path = Models;
			sourceTree = "<group>";
		};
		211CEAB32BD5BC9C0086E0C9 /* Managers */ = {
			isa = PBXGroup;
			children = (
			);
			path = Managers;
			sourceTree = "<group>";
		};
		211CEAB42BD5BCA60086E0C9 /* Controllers */ = {
			isa = PBXGroup;
			children = (
				211CEAB52BD7D7C60086E0C9 /* Core */,
			);
			path = Controllers;
			sourceTree = "<group>";
		};
		211CEAB52BD7D7C60086E0C9 /* Core */ = {
			isa = PBXGroup;
			children = (
				21149A4E2BD3F76A00AE45E7 /* RMTabVC.swift */,
				211CEAB62BD7D7FF0086E0C9 /* RMCharacterVC.swift */,
				211CEAB92BD7D8370086E0C9 /* RMEpisodeVC.swift */,
				211CEABB2BD7D84D0086E0C9 /* RMLocationVC.swift */,
				211CEABD2BD7D8680086E0C9 /* RMSettingsVC.swift */,
			);
			path = Core;
			sourceTree = "<group>";
		};
/* End PBXGroup section */

/* Begin PBXNativeTarget section */
		21149A462BD3F76A00AE45E7 /* RickAndMorty */ = {
			isa = PBXNativeTarget;
			buildConfigurationList = 21149A5B2BD3F76B00AE45E7 /* Build configuration list for PBXNativeTarget "RickAndMorty" */;
			buildPhases = (
				21149A432BD3F76A00AE45E7 /* Sources */,
				21149A442BD3F76A00AE45E7 /* Frameworks */,
				21149A452BD3F76A00AE45E7 /* Resources */,
			);
			buildRules = (
			);
			dependencies = (
			);
			name = RickAndMorty;
			productName = RickAndMorty;
			productReference = 21149A472BD3F76A00AE45E7 /* RickAndMorty.app */;
			productType = "com.apple.product-type.application";
		};
/* End PBXNativeTarget section */

/* Begin PBXProject section */
		21149A3F2BD3F76A00AE45E7 /* Project object */ = {
			isa = PBXProject;
			attributes = {
				BuildIndependentTargetsInParallel = 1;
				LastSwiftUpdateCheck = 1520;
				LastUpgradeCheck = 1520;
				TargetAttributes = {
					21149A462BD3F76A00AE45E7 = {
						CreatedOnToolsVersion = 15.2;
					};
				};
			};
			buildConfigurationList = 21149A422BD3F76A00AE45E7 /* Build configuration list for PBXProject "RickAndMorty" */;
			compatibilityVersion = "Xcode 14.0";
			developmentRegion = en;
			hasScannedForEncodings = 0;
			knownRegions = (
				en,
				Base,
			);
			mainGroup = 21149A3E2BD3F76A00AE45E7;
			productRefGroup = 21149A482BD3F76A00AE45E7 /* Products */;
			projectDirPath = "";
			projectRoot = "";
			targets = (
				21149A462BD3F76A00AE45E7 /* RickAndMorty */,
			);
		};
/* End PBXProject section */

/* Begin PBXResourcesBuildPhase section */
		21149A452BD3F76A00AE45E7 /* Resources */ = {
			isa = PBXResourcesBuildPhase;
			buildActionMask = 2147483647;
			files = (
				21149A572BD3F76B00AE45E7 /* LaunchScreen.storyboard in Resources */,
				21149A542BD3F76B00AE45E7 /* Assets.xcassets in Resources */,
			);
			runOnlyForDeploymentPostprocessing = 0;
		};
/* End PBXResourcesBuildPhase section */

/* Begin PBXSourcesBuildPhase section */
		21149A432BD3F76A00AE45E7 /* Sources */ = {
			isa = PBXSourcesBuildPhase;
			buildActionMask = 2147483647;
			files = (
				211CEAD02BD7E9640086E0C9 /* RMOrigin.swift in Sources */,
				211CEABC2BD7D84D0086E0C9 /* RMLocationVC.swift in Sources */,
				211CEAC22BD7E3EF0086E0C9 /* RMRequest.swift in Sources */,
				21149A4F2BD3F76A00AE45E7 /* RMTabVC.swift in Sources */,
				211CEAD22BD7E9760086E0C9 /* RSingleLocation.swift in Sources */,
				211CEAC02BD7E3DB0086E0C9 /* RMService.swift in Sources */,
				21149A4B2BD3F76A00AE45E7 /* AppDelegate.swift in Sources */,
				211CEACE2BD7E94F0086E0C9 /* RMCharacterStatus.swift in Sources */,
				211CEABA2BD7D8370086E0C9 /* RMEpisodeVC.swift in Sources */,
				211CEACA2BD7E8590086E0C9 /* RMLocation.swift in Sources */,
				211CEAC82BD7E8470086E0C9 /* RMEpisode.swift in Sources */,
				21149A4D2BD3F76A00AE45E7 /* SceneDelegate.swift in Sources */,
				211CEAC42BD7E4020086E0C9 /* RMEndpoint.swift in Sources */,
				211CEABE2BD7D8680086E0C9 /* RMSettingsVC.swift in Sources */,
				211CEACC2BD7E9150086E0C9 /* RMCaharacterGender.swift in Sources */,
				211CEAB72BD7D7FF0086E0C9 /* RMCharacterVC.swift in Sources */,
				211CEAC62BD7E6D90086E0C9 /* RMCharacter.swift in Sources */,
			);
			runOnlyForDeploymentPostprocessing = 0;
		};
/* End PBXSourcesBuildPhase section */

/* Begin PBXVariantGroup section */
		21149A552BD3F76B00AE45E7 /* LaunchScreen.storyboard */ = {
			isa = PBXVariantGroup;
			children = (
				21149A562BD3F76B00AE45E7 /* Base */,
			);
			name = LaunchScreen.storyboard;
			sourceTree = "<group>";
		};
/* End PBXVariantGroup section */

/* Begin XCBuildConfiguration section */
		21149A592BD3F76B00AE45E7 /* Debug */ = {
			isa = XCBuildConfiguration;
			buildSettings = {
				ALWAYS_SEARCH_USER_PATHS = NO;
				ASSETCATALOG_COMPILER_GENERATE_SWIFT_ASSET_SYMBOL_EXTENSIONS = YES;
				CLANG_ANALYZER_NONNULL = YES;
				CLANG_ANALYZER_NUMBER_OBJECT_CONVERSION = YES_AGGRESSIVE;
				CLANG_CXX_LANGUAGE_STANDARD = "gnu++20";
				CLANG_ENABLE_MODULES = YES;
				CLANG_ENABLE_OBJC_ARC = YES;
				CLANG_ENABLE_OBJC_WEAK = YES;
				CLANG_WARN_BLOCK_CAPTURE_AUTORELEASING = YES;
				CLANG_WARN_BOOL_CONVERSION = YES;
				CLANG_WARN_COMMA = YES;
				CLANG_WARN_CONSTANT_CONVERSION = YES;
				CLANG_WARN_DEPRECATED_OBJC_IMPLEMENTATIONS = YES;
				CLANG_WARN_DIRECT_OBJC_ISA_USAGE = YES_ERROR;
				CLANG_WARN_DOCUMENTATION_COMMENTS = YES;
				CLANG_WARN_EMPTY_BODY = YES;
				CLANG_WARN_ENUM_CONVERSION = YES;
				CLANG_WARN_INFINITE_RECURSION = YES;
				CLANG_WARN_INT_CONVERSION = YES;
				CLANG_WARN_NON_LITERAL_NULL_CONVERSION = YES;
				CLANG_WARN_OBJC_IMPLICIT_RETAIN_SELF = YES;
				CLANG_WARN_OBJC_LITERAL_CONVERSION = YES;
				CLANG_WARN_OBJC_ROOT_CLASS = YES_ERROR;
				CLANG_WARN_QUOTED_INCLUDE_IN_FRAMEWORK_HEADER = YES;
				CLANG_WARN_RANGE_LOOP_ANALYSIS = YES;
				CLANG_WARN_STRICT_PROTOTYPES = YES;
				CLANG_WARN_SUSPICIOUS_MOVE = YES;
				CLANG_WARN_UNGUARDED_AVAILABILITY = YES_AGGRESSIVE;
				CLANG_WARN_UNREACHABLE_CODE = YES;
				CLANG_WARN__DUPLICATE_METHOD_MATCH = YES;
				COPY_PHASE_STRIP = NO;
				DEBUG_INFORMATION_FORMAT = dwarf;
				ENABLE_STRICT_OBJC_MSGSEND = YES;
				ENABLE_TESTABILITY = YES;
				ENABLE_USER_SCRIPT_SANDBOXING = YES;
				GCC_C_LANGUAGE_STANDARD = gnu17;
				GCC_DYNAMIC_NO_PIC = NO;
				GCC_NO_COMMON_BLOCKS = YES;
				GCC_OPTIMIZATION_LEVEL = 0;
				GCC_PREPROCESSOR_DEFINITIONS = (
					"DEBUG=1",
					"$(inherited)",
				);
				GCC_WARN_64_TO_32_BIT_CONVERSION = YES;
				GCC_WARN_ABOUT_RETURN_TYPE = YES_ERROR;
				GCC_WARN_UNDECLARED_SELECTOR = YES;
				GCC_WARN_UNINITIALIZED_AUTOS = YES_AGGRESSIVE;
				GCC_WARN_UNUSED_FUNCTION = YES;
				GCC_WARN_UNUSED_VARIABLE = YES;
				IPHONEOS_DEPLOYMENT_TARGET = 17.2;
				LOCALIZATION_PREFERS_STRING_CATALOGS = YES;
				MTL_ENABLE_DEBUG_INFO = INCLUDE_SOURCE;
				MTL_FAST_MATH = YES;
				ONLY_ACTIVE_ARCH = YES;
				SDKROOT = iphoneos;
				SWIFT_ACTIVE_COMPILATION_CONDITIONS = "DEBUG $(inherited)";
				SWIFT_OPTIMIZATION_LEVEL = "-Onone";
			};
			name = Debug;
		};
		21149A5A2BD3F76B00AE45E7 /* Release */ = {
			isa = XCBuildConfiguration;
			buildSettings = {
				ALWAYS_SEARCH_USER_PATHS = NO;
				ASSETCATALOG_COMPILER_GENERATE_SWIFT_ASSET_SYMBOL_EXTENSIONS = YES;
				CLANG_ANALYZER_NONNULL = YES;
				CLANG_ANALYZER_NUMBER_OBJECT_CONVERSION = YES_AGGRESSIVE;
				CLANG_CXX_LANGUAGE_STANDARD = "gnu++20";
				CLANG_ENABLE_MODULES = YES;
				CLANG_ENABLE_OBJC_ARC = YES;
				CLANG_ENABLE_OBJC_WEAK = YES;
				CLANG_WARN_BLOCK_CAPTURE_AUTORELEASING = YES;
				CLANG_WARN_BOOL_CONVERSION = YES;
				CLANG_WARN_COMMA = YES;
				CLANG_WARN_CONSTANT_CONVERSION = YES;
				CLANG_WARN_DEPRECATED_OBJC_IMPLEMENTATIONS = YES;
				CLANG_WARN_DIRECT_OBJC_ISA_USAGE = YES_ERROR;
				CLANG_WARN_DOCUMENTATION_COMMENTS = YES;
				CLANG_WARN_EMPTY_BODY = YES;
				CLANG_WARN_ENUM_CONVERSION = YES;
				CLANG_WARN_INFINITE_RECURSION = YES;
				CLANG_WARN_INT_CONVERSION = YES;
				CLANG_WARN_NON_LITERAL_NULL_CONVERSION = YES;
				CLANG_WARN_OBJC_IMPLICIT_RETAIN_SELF = YES;
				CLANG_WARN_OBJC_LITERAL_CONVERSION = YES;
				CLANG_WARN_OBJC_ROOT_CLASS = YES_ERROR;
				CLANG_WARN_QUOTED_INCLUDE_IN_FRAMEWORK_HEADER = YES;
				CLANG_WARN_RANGE_LOOP_ANALYSIS = YES;
				CLANG_WARN_STRICT_PROTOTYPES = YES;
				CLANG_WARN_SUSPICIOUS_MOVE = YES;
				CLANG_WARN_UNGUARDED_AVAILABILITY = YES_AGGRESSIVE;
				CLANG_WARN_UNREACHABLE_CODE = YES;
				CLANG_WARN__DUPLICATE_METHOD_MATCH = YES;
				COPY_PHASE_STRIP = NO;
				DEBUG_INFORMATION_FORMAT = "dwarf-with-dsym";
				ENABLE_NS_ASSERTIONS = NO;
				ENABLE_STRICT_OBJC_MSGSEND = YES;
				ENABLE_USER_SCRIPT_SANDBOXING = YES;
				GCC_C_LANGUAGE_STANDARD = gnu17;
				GCC_NO_COMMON_BLOCKS = YES;
				GCC_WARN_64_TO_32_BIT_CONVERSION = YES;
				GCC_WARN_ABOUT_RETURN_TYPE = YES_ERROR;
				GCC_WARN_UNDECLARED_SELECTOR = YES;
				GCC_WARN_UNINITIALIZED_AUTOS = YES_AGGRESSIVE;
				GCC_WARN_UNUSED_FUNCTION = YES;
				GCC_WARN_UNUSED_VARIABLE = YES;
				IPHONEOS_DEPLOYMENT_TARGET = 17.2;
				LOCALIZATION_PREFERS_STRING_CATALOGS = YES;
				MTL_ENABLE_DEBUG_INFO = NO;
				MTL_FAST_MATH = YES;
				SDKROOT = iphoneos;
				SWIFT_COMPILATION_MODE = wholemodule;
				VALIDATE_PRODUCT = YES;
			};
			name = Release;
		};
		21149A5C2BD3F76B00AE45E7 /* Debug */ = {
			isa = XCBuildConfiguration;
			buildSettings = {
				ASSETCATALOG_COMPILER_APPICON_NAME = AppIcon;
				ASSETCATALOG_COMPILER_GLOBAL_ACCENT_COLOR_NAME = AccentColor;
				CODE_SIGN_STYLE = Automatic;
				CURRENT_PROJECT_VERSION = 1;
				GENERATE_INFOPLIST_FILE = YES;
				INFOPLIST_FILE = RickAndMorty/Info.plist;
				INFOPLIST_KEY_UIApplicationSupportsIndirectInputEvents = YES;
				INFOPLIST_KEY_UILaunchStoryboardName = "";
				INFOPLIST_KEY_UISupportedInterfaceOrientations_iPad = "UIInterfaceOrientationPortrait UIInterfaceOrientationPortraitUpsideDown UIInterfaceOrientationLandscapeLeft UIInterfaceOrientationLandscapeRight";
				INFOPLIST_KEY_UISupportedInterfaceOrientations_iPhone = "UIInterfaceOrientationPortrait UIInterfaceOrientationLandscapeLeft UIInterfaceOrientationLandscapeRight";
				IPHONEOS_DEPLOYMENT_TARGET = 16.0;
				LD_RUNPATH_SEARCH_PATHS = (
					"$(inherited)",
					"@executable_path/Frameworks",
				);
				MARKETING_VERSION = 1.0;
				PRODUCT_BUNDLE_IDENTIFIER = com.ferxi.RickAndMorty;
				PRODUCT_NAME = "$(TARGET_NAME)";
				SUPPORTED_PLATFORMS = "iphoneos iphonesimulator";
				SUPPORTS_MACCATALYST = NO;
				SUPPORTS_MAC_DESIGNED_FOR_IPHONE_IPAD = NO;
				SUPPORTS_XR_DESIGNED_FOR_IPHONE_IPAD = NO;
				SWIFT_EMIT_LOC_STRINGS = YES;
				SWIFT_VERSION = 5.0;
				TARGETED_DEVICE_FAMILY = "1,2";
			};
			name = Debug;
		};
		21149A5D2BD3F76B00AE45E7 /* Release */ = {
			isa = XCBuildConfiguration;
			buildSettings = {
				ASSETCATALOG_COMPILER_APPICON_NAME = AppIcon;
				ASSETCATALOG_COMPILER_GLOBAL_ACCENT_COLOR_NAME = AccentColor;
				CODE_SIGN_STYLE = Automatic;
				CURRENT_PROJECT_VERSION = 1;
				GENERATE_INFOPLIST_FILE = YES;
				INFOPLIST_FILE = RickAndMorty/Info.plist;
				INFOPLIST_KEY_UIApplicationSupportsIndirectInputEvents = YES;
				INFOPLIST_KEY_UILaunchStoryboardName = "";
				INFOPLIST_KEY_UISupportedInterfaceOrientations_iPad = "UIInterfaceOrientationPortrait UIInterfaceOrientationPortraitUpsideDown UIInterfaceOrientationLandscapeLeft UIInterfaceOrientationLandscapeRight";
				INFOPLIST_KEY_UISupportedInterfaceOrientations_iPhone = "UIInterfaceOrientationPortrait UIInterfaceOrientationLandscapeLeft UIInterfaceOrientationLandscapeRight";
				IPHONEOS_DEPLOYMENT_TARGET = 16.0;
				LD_RUNPATH_SEARCH_PATHS = (
					"$(inherited)",
					"@executable_path/Frameworks",
				);
				MARKETING_VERSION = 1.0;
				PRODUCT_BUNDLE_IDENTIFIER = com.ferxi.RickAndMorty;
				PRODUCT_NAME = "$(TARGET_NAME)";
				SUPPORTED_PLATFORMS = "iphoneos iphonesimulator";
				SUPPORTS_MACCATALYST = NO;
				SUPPORTS_MAC_DESIGNED_FOR_IPHONE_IPAD = NO;
				SUPPORTS_XR_DESIGNED_FOR_IPHONE_IPAD = NO;
				SWIFT_EMIT_LOC_STRINGS = YES;
				SWIFT_VERSION = 5.0;
				TARGETED_DEVICE_FAMILY = "1,2";
			};
			name = Release;
		};
/* End XCBuildConfiguration section */

/* Begin XCConfigurationList section */
		21149A422BD3F76A00AE45E7 /* Build configuration list for PBXProject "RickAndMorty" */ = {
			isa = XCConfigurationList;
			buildConfigurations = (
				21149A592BD3F76B00AE45E7 /* Debug */,
				21149A5A2BD3F76B00AE45E7 /* Release */,
			);
			defaultConfigurationIsVisible = 0;
			defaultConfigurationName = Release;
		};
		21149A5B2BD3F76B00AE45E7 /* Build configuration list for PBXNativeTarget "RickAndMorty" */ = {
			isa = XCConfigurationList;
			buildConfigurations = (
				21149A5C2BD3F76B00AE45E7 /* Debug */,
				21149A5D2BD3F76B00AE45E7 /* Release */,
			);
			defaultConfigurationIsVisible = 0;
			defaultConfigurationName = Release;
		};
/* End XCConfigurationList section */
	};
	rootObject = 21149A3F2BD3F76A00AE45E7 /* Project object */;
}
